# This file is autogenerated, do not edit; changes may be undone by the next 'dep ensure'.


[[projects]]
  name = "github.com/kr/pretty"
  packages = ["."]
  revision = "cfb55aafdaf3ec08f0db22699ab822c50091b1c4"

[[projects]]
  branch = "master"
  name = "github.com/kr/text"
  packages = ["."]
  revision = "7cafcd837844e784b526369c9bce262804aebc60"

[[projects]]
  name = "github.com/pkg/errors"
  packages = ["."]
  revision = "645ef00459ed84a119197bfb8d8205042c6df63d"
  version = "v0.8.0"

[[projects]]
  name = "github.com/szabba/irgen"
  packages = ["."]
  revision = "5a23aa077b4a4e02c59053d48001aa642a14d89f"
  version = "v0.2.0"

[solve-meta]
  analyzer-name = "dep"
  analyzer-version = 1
  inputs-digest = "23d273cde52dfeb45891e684feccc5094b9c1ad53d42fccebaab02c0070a32e5"
  solver-name = "gps-cdcl"
  solver-version = 1
